
Microsoft Visual Studio Solution File, Format Version 12.00
# Visual Studio Version 16
VisualStudioVersion = 16.0.32802.440
MinimumVisualStudioVersion = 10.0.40219.1
Project("{FAE04EC0-301F-11D3-BF4B-00C04F79EFBC}") = "e-math", "e-math\e-math.csproj", "{313894B5-0D76-49AB-98EB-8B51E4CAD864}"
EndProject
Global
	GlobalSection(SolutionConfigurationPlatforms) = preSolution
		Debug|Any CPU = Debug|Any CPU
		Release|Any CPU = Release|Any CPU
	EndGlobalSection
	GlobalSection(ProjectConfigurationPlatforms) = postSolution
		{313894B5-0D76-49AB-98EB-8B51E4CAD864}.Debug|Any CPU.ActiveCfg = Debug|Any CPU
		{313894B5-0D76-49AB-98EB-8B51E4CAD864}.Debug|Any CPU.Build.0 = Debug|Any CPU
		{313894B5-0D76-49AB-98EB-8B51E4CAD864}.Release|Any CPU.ActiveCfg = Release|Any CPU
		{313894B5-0D76-49AB-98EB-8B51E4CAD864}.Release|Any CPU.Build.0 = Release|Any CPU
	EndGlobalSection
	GlobalSection(SolutionProperties) = preSolution
		HideSolutionNode = FALSE
	EndGlobalSection
	GlobalSection(ExtensibilityGlobals) = postSolution
		SolutionGuid = {A08167B9-CE1E-4BC8-88D1-069FA5EDAE8B}
	EndGlobalSection
EndGlobal
